
Microsoft Visual Studio Solution File, Format Version 12.00
Project("{FAE04EC0-301F-11D3-BF4B-00C04F79EFBC}") = "HSPI_IRobot", "HSPI_IRobot\HSPI_IRobot.csproj", "{8545D6F3-59DC-432C-88F4-4CF3E2063BE2}"
EndProject
Project("{FAE04EC0-301F-11D3-BF4B-00C04F79EFBC}") = "IRobotLANClient", "IRobotLANClient\IRobotLANClient.csproj", "{64AC7D81-2BB0-437A-8EE9-59A1EC5692F1}"
EndProject
Global
	GlobalSection(SolutionConfigurationPlatforms) = preSolution
		Release|Any CPU = Release|Any CPU
		Debug Plugin and Client|Any CPU = Debug Plugin and Client|Any CPU
		Debug|Any CPU = Debug|Any CPU
	EndGlobalSection
	GlobalSection(ProjectConfigurationPlatforms) = postSolution
		{8545D6F3-59DC-432C-88F4-4CF3E2063BE2}.Release|Any CPU.ActiveCfg = Release|Any CPU
		{8545D6F3-59DC-432C-88F4-4CF3E2063BE2}.Release|Any CPU.Build.0 = Release|Any CPU
		{8545D6F3-59DC-432C-88F4-4CF3E2063BE2}.Debug Plugin and Client|Any CPU.ActiveCfg = Debug Plugin and Client|Any CPU
		{8545D6F3-59DC-432C-88F4-4CF3E2063BE2}.Debug Plugin and Client|Any CPU.Build.0 = Debug Plugin and Client|Any CPU
		{8545D6F3-59DC-432C-88F4-4CF3E2063BE2}.Debug|Any CPU.ActiveCfg = Debug Plugin|Any CPU
		{8545D6F3-59DC-432C-88F4-4CF3E2063BE2}.Debug|Any CPU.Build.0 = Debug Plugin|Any CPU
		{64AC7D81-2BB0-437A-8EE9-59A1EC5692F1}.Release|Any CPU.ActiveCfg = Release|Any CPU
		{64AC7D81-2BB0-437A-8EE9-59A1EC5692F1}.Release|Any CPU.Build.0 = Release|Any CPU
		{64AC7D81-2BB0-437A-8EE9-59A1EC5692F1}.Debug Plugin and Client|Any CPU.ActiveCfg = Debug|Any CPU
		{64AC7D81-2BB0-437A-8EE9-59A1EC5692F1}.Debug Plugin and Client|Any CPU.Build.0 = Debug|Any CPU
		{64AC7D81-2BB0-437A-8EE9-59A1EC5692F1}.Debug|Any CPU.ActiveCfg = Debug|Any CPU
		{64AC7D81-2BB0-437A-8EE9-59A1EC5692F1}.Debug|Any CPU.Build.0 = Debug|Any CPU
	EndGlobalSection
EndGlobal
